
Microsoft Visual Studio Solution File, Format Version 12.00
# Visual Studio 15
VisualStudioVersion = 15.0.26403.7
MinimumVisualStudioVersion = 10.0.40219.1
Project("{FAE04EC0-301F-11D3-BF4B-00C04F79EFBC}") = "SharpDj", "SharpDj\SharpDj.csproj", "{FCBAEEB4-C2A6-4A77-8C7B-FCEA06BDC518}"
	ProjectSection(ProjectDependencies) = postProject
		{E8790B81-831E-458B-800D-BCAE0017CFCB} = {E8790B81-831E-458B-800D-BCAE0017CFCB}
	EndProjectSection
EndProject
Project("{FAE04EC0-301F-11D3-BF4B-00C04F79EFBC}") = "Communication", "Communication\Communication.csproj", "{E8790B81-831E-458B-800D-BCAE0017CFCB}"
EndProject
Project("{FAE04EC0-301F-11D3-BF4B-00C04F79EFBC}") = "servertcp", "servertcp\servertcp.csproj", "{9017FA31-937C-47E0-9775-8CD429F2F604}"
EndProject
Project("{FAE04EC0-301F-11D3-BF4B-00C04F79EFBC}") = "clienttcp", "clienttcp\clienttcp.csproj", "{03C9D8CD-C96A-49E3-90F0-7383DBA526A0}"
EndProject
Global
	GlobalSection(SolutionConfigurationPlatforms) = preSolution
		Debug|Any CPU = Debug|Any CPU
		Release|Any CPU = Release|Any CPU
	EndGlobalSection
	GlobalSection(ProjectConfigurationPlatforms) = postSolution
		{FCBAEEB4-C2A6-4A77-8C7B-FCEA06BDC518}.Debug|Any CPU.ActiveCfg = Debug|Any CPU
		{FCBAEEB4-C2A6-4A77-8C7B-FCEA06BDC518}.Debug|Any CPU.Build.0 = Debug|Any CPU
		{FCBAEEB4-C2A6-4A77-8C7B-FCEA06BDC518}.Release|Any CPU.ActiveCfg = Release|Any CPU
		{FCBAEEB4-C2A6-4A77-8C7B-FCEA06BDC518}.Release|Any CPU.Build.0 = Release|Any CPU
		{E8790B81-831E-458B-800D-BCAE0017CFCB}.Debug|Any CPU.ActiveCfg = Debug|Any CPU
		{E8790B81-831E-458B-800D-BCAE0017CFCB}.Debug|Any CPU.Build.0 = Debug|Any CPU
		{E8790B81-831E-458B-800D-BCAE0017CFCB}.Release|Any CPU.ActiveCfg = Release|Any CPU
		{E8790B81-831E-458B-800D-BCAE0017CFCB}.Release|Any CPU.Build.0 = Release|Any CPU
		{9017FA31-937C-47E0-9775-8CD429F2F604}.Debug|Any CPU.ActiveCfg = Debug|Any CPU
		{9017FA31-937C-47E0-9775-8CD429F2F604}.Debug|Any CPU.Build.0 = Debug|Any CPU
		{9017FA31-937C-47E0-9775-8CD429F2F604}.Release|Any CPU.ActiveCfg = Release|Any CPU
		{9017FA31-937C-47E0-9775-8CD429F2F604}.Release|Any CPU.Build.0 = Release|Any CPU
		{03C9D8CD-C96A-49E3-90F0-7383DBA526A0}.Debug|Any CPU.ActiveCfg = Debug|Any CPU
		{03C9D8CD-C96A-49E3-90F0-7383DBA526A0}.Debug|Any CPU.Build.0 = Debug|Any CPU
		{03C9D8CD-C96A-49E3-90F0-7383DBA526A0}.Release|Any CPU.ActiveCfg = Release|Any CPU
		{03C9D8CD-C96A-49E3-90F0-7383DBA526A0}.Release|Any CPU.Build.0 = Release|Any CPU
	EndGlobalSection
	GlobalSection(SolutionProperties) = preSolution
		HideSolutionNode = FALSE
	EndGlobalSection
EndGlobal
